
Microsoft Visual Studio Solution File, Format Version 12.00
Project("{FAE04EC0-301F-11D3-BF4B-00C04F79EFBC}") = "WatchTowerBackend", "WatchTowerBackend\WatchTowerBackend.csproj", "{E7870F10-4F0A-4C72-8E2D-1E3240F267F4}"
EndProject
Project("{FAE04EC0-301F-11D3-BF4B-00C04F79EFBC}") = "WatchTowerBackendTests", "WatchTowerBackendTests\WatchTowerBackendTests.csproj", "{164478AB-829B-4C24-8353-27AF4CC9C25B}"
EndProject
Global
	GlobalSection(SolutionConfigurationPlatforms) = preSolution
		Debug|Any CPU = Debug|Any CPU
		Release|Any CPU = Release|Any CPU
	EndGlobalSection
	GlobalSection(ProjectConfigurationPlatforms) = postSolution
		{E7870F10-4F0A-4C72-8E2D-1E3240F267F4}.Debug|Any CPU.ActiveCfg = Debug|Any CPU
		{E7870F10-4F0A-4C72-8E2D-1E3240F267F4}.Debug|Any CPU.Build.0 = Debug|Any CPU
		{E7870F10-4F0A-4C72-8E2D-1E3240F267F4}.Release|Any CPU.ActiveCfg = Release|Any CPU
		{E7870F10-4F0A-4C72-8E2D-1E3240F267F4}.Release|Any CPU.Build.0 = Release|Any CPU
		{164478AB-829B-4C24-8353-27AF4CC9C25B}.Debug|Any CPU.ActiveCfg = Debug|Any CPU
		{164478AB-829B-4C24-8353-27AF4CC9C25B}.Debug|Any CPU.Build.0 = Debug|Any CPU
		{164478AB-829B-4C24-8353-27AF4CC9C25B}.Release|Any CPU.ActiveCfg = Release|Any CPU
		{164478AB-829B-4C24-8353-27AF4CC9C25B}.Release|Any CPU.Build.0 = Release|Any CPU
	EndGlobalSection
EndGlobal
